{
  "name": "clone",
  "version": "1.0.0",
  "lockfileVersion": 1,
  "requires": true,
  "dependencies": {
    "@dmitriybaev/ajs": {
      "version": "1.0.0",
      "resolved": "https://npm.pkg.github.com/download/@dmitriybaev/ajs/1.0.0/546350179a1068ac847b7ded4767b4ef22a19b14de1733d680eca211d744a93c",
      "integrity": "sha512-lj96+uP7yPlKJxYVtfUn9mOIGWnk9VOtFlqM43sirLuWO6/OocTkz4GffM0W08F4yeIVjJI2HtOoM3ny5Q+Zrg=="
    }
  }
}
