{
  "name": "clone",
  "version": "1.0.0",
  "lockfileVersion": 1,
  "requires": true,
  "dependencies": {
    "@dmitriybaev/ajs": {
      "version": "2.0.0",
      "resolved": "https://npm.pkg.github.com/download/@dmitriybaev/ajs/2.0.0/4b4d0a91fad21952f2665bda77dc54fe9a4e099dbde671c71f151b907b45f28e",
      "integrity": "sha512-UIpchnp4jHDt9K7BNAjh8eFktMfg4+KWgvnYBxkqv7RFC4PBdS/fmV0QRj3uRzQd0aGupcqE0JqageSIVOSQ4Q=="
    }
  }
}
